
Microsoft Visual Studio Solution File, Format Version 12.00
# Visual Studio Version 17
VisualStudioVersion = 17.8.34212.112
MinimumVisualStudioVersion = 10.0.40219.1
Project("{FAE04EC0-301F-11D3-BF4B-00C04F79EFBC}") = "DemoSimpleBlazorUserAndRoleManager", "DemoSimpleBlazorUserAndRoleManager\DemoSimpleBlazorUserAndRoleManager.csproj", "{DD2C9135-7EB8-4470-8C44-8CCCA5A4445A}"
EndProject
Global
	GlobalSection(SolutionConfigurationPlatforms) = preSolution
		Debug|Any CPU = Debug|Any CPU
		Release|Any CPU = Release|Any CPU
	EndGlobalSection
	GlobalSection(ProjectConfigurationPlatforms) = postSolution
		{DD2C9135-7EB8-4470-8C44-8CCCA5A4445A}.Debug|Any CPU.ActiveCfg = Debug|Any CPU
		{DD2C9135-7EB8-4470-8C44-8CCCA5A4445A}.Debug|Any CPU.Build.0 = Debug|Any CPU
		{DD2C9135-7EB8-4470-8C44-8CCCA5A4445A}.Release|Any CPU.ActiveCfg = Release|Any CPU
		{DD2C9135-7EB8-4470-8C44-8CCCA5A4445A}.Release|Any CPU.Build.0 = Release|Any CPU
	EndGlobalSection
	GlobalSection(SolutionProperties) = preSolution
		HideSolutionNode = FALSE
	EndGlobalSection
	GlobalSection(ExtensibilityGlobals) = postSolution
		SolutionGuid = {6BB4BA32-7D56-4376-9267-528E81BF4323}
	EndGlobalSection
EndGlobal
